
Microsoft Visual Studio Solution File, Format Version 12.00
# Visual Studio Version 16
VisualStudioVersion = 16.0.30330.147
MinimumVisualStudioVersion = 10.0.40219.1
Project("{9A19103F-16F7-4668-BE54-9A1E7A4F7556}") = "ShowcaseSite", "ShowcaseSite\ShowcaseSite.csproj", "{B94A8652-AA2B-4707-8062-30869FE739DB}"
EndProject
Project("{2150E333-8FDC-42A3-9474-1A3956D46DE8}") = "Solution Items", "Solution Items", "{0A423FE6-E554-4B55-A58F-4DCFE6B6D693}"
	ProjectSection(SolutionItems) = preProject
		..\..\..\Pictures\GeneralUser.jpg = ..\..\..\Pictures\GeneralUser.jpg
	EndProjectSection
EndProject
Global
	GlobalSection(SolutionConfigurationPlatforms) = preSolution
		Debug|Any CPU = Debug|Any CPU
		Release|Any CPU = Release|Any CPU
	EndGlobalSection
	GlobalSection(ProjectConfigurationPlatforms) = postSolution
		{B94A8652-AA2B-4707-8062-30869FE739DB}.Debug|Any CPU.ActiveCfg = Debug|Any CPU
		{B94A8652-AA2B-4707-8062-30869FE739DB}.Debug|Any CPU.Build.0 = Debug|Any CPU
		{B94A8652-AA2B-4707-8062-30869FE739DB}.Release|Any CPU.ActiveCfg = Release|Any CPU
		{B94A8652-AA2B-4707-8062-30869FE739DB}.Release|Any CPU.Build.0 = Release|Any CPU
	EndGlobalSection
	GlobalSection(SolutionProperties) = preSolution
		HideSolutionNode = FALSE
	EndGlobalSection
	GlobalSection(ExtensibilityGlobals) = postSolution
		SolutionGuid = {18CCC2D1-4A88-4E23-9238-58581C3022B2}
	EndGlobalSection
EndGlobal
